// !$*UTF8*$!
{
	archiveVersion = 1;
	classes = {
	};
	objectVersion = 46;
	objects = {

/* Begin PBXBuildFile section */
		1D3623260D0F684500981E51 /* CNSApplicationDelegate.m in Sources */ = {isa = PBXBuildFile; fileRef = 1D3623250D0F684500981E51 /* CNSApplicationDelegate.m */; };
		1D60589B0D05DD56006BFB54 /* main.m in Sources */ = {isa = PBXBuildFile; fileRef = 29B97316FDCFA39411CA2CEA /* main.m */; };
		1D60589F0D05DD5A006BFB54 /* Foundation.framework in Frameworks */ = {isa = PBXBuildFile; fileRef = 1D30AB110D05D00D00671497 /* Foundation.framework */; };
		1DF5F4E00D08C38300B7A737 /* UIKit.framework in Frameworks */ = {isa = PBXBuildFile; fileRef = 1DF5F4DF0D08C38300B7A737 /* UIKit.framework */; };
		28193060112F816700ECF9B4 /* Base.xcdatamodeld in Sources */ = {isa = PBXBuildFile; fileRef = 2819305F112F816700ECF9B4 /* Base.xcdatamodeld */; };
		288765A50DF7441C002DB57D /* CoreGraphics.framework in Frameworks */ = {isa = PBXBuildFile; fileRef = 288765A40DF7441C002DB57D /* CoreGraphics.framework */; };
		28AD733F0D9D9553002E5188 /* MainWindow.xib in Resources */ = {isa = PBXBuildFile; fileRef = 28AD733E0D9D9553002E5188 /* MainWindow.xib */; };
		28D801B40F44B63D00FB423F /* CoreData.framework in Frameworks */ = {isa = PBXBuildFile; fileRef = 28D801B30F44B63D00FB423F /* CoreData.framework */; };
		4DD5EA841303FAA100BCC3E5 /* NSString+CNSStringAdditions.m in Sources */ = {isa = PBXBuildFile; fileRef = 4DD5EA561303FAA100BCC3E5 /* NSString+CNSStringAdditions.m */; };
		4DD5EA851303FAA100BCC3E5 /* CNSBaseViewController.m in Sources */ = {isa = PBXBuildFile; fileRef = 4DD5EA591303FAA100BCC3E5 /* CNSBaseViewController.m */; };
		4DD5EA861303FAA100BCC3E5 /* CNSKeychainUtils.m in Sources */ = {isa = PBXBuildFile; fileRef = 4DD5EA5C1303FAA100BCC3E5 /* CNSKeychainUtils.m */; };
		4DD5EA871303FAA100BCC3E5 /* CNSPasswordStore.m in Sources */ = {isa = PBXBuildFile; fileRef = 4DD5EA5E1303FAA100BCC3E5 /* CNSPasswordStore.m */; };
		4DD5EA881303FAA100BCC3E5 /* CNSTableViewDataSource.m in Sources */ = {isa = PBXBuildFile; fileRef = 4DD5EA601303FAA100BCC3E5 /* CNSTableViewDataSource.m */; };
		4DD5EA891303FAA100BCC3E5 /* CNSUser.m in Sources */ = {isa = PBXBuildFile; fileRef = 4DD5EA621303FAA100BCC3E5 /* CNSUser.m */; };
		4DD5EA8B1303FAA100BCC3E5 /* CNSInputCell.m in Sources */ = {isa = PBXBuildFile; fileRef = 4DD5EA681303FAA100BCC3E5 /* CNSInputCell.m */; };
		4DD5EA8D1303FAA100BCC3E5 /* CNSInputCell.xib in Resources */ = {isa = PBXBuildFile; fileRef = 4DD5EA6C1303FAA100BCC3E5 /* CNSInputCell.xib */; };
		4DECB4321309AE080065C9B3 /* CNSClassUtils.m in Sources */ = {isa = PBXBuildFile; fileRef = 4DECB42F1309AE080065C9B3 /* CNSClassUtils.m */; };
		4DECB4331309AE080065C9B3 /* CNSLogHelper.m in Sources */ = {isa = PBXBuildFile; fileRef = 4DECB4311309AE080065C9B3 /* CNSLogHelper.m */; };
		6CABF90712E5F27B00FC0568 /* Localizable.strings in Resources */ = {isa = PBXBuildFile; fileRef = 6CABF90512E5F27B00FC0568 /* Localizable.strings */; };
		6CABF95712E5F8B700FC0568 /* Security.framework in Frameworks */ = {isa = PBXBuildFile; fileRef = 6CABF95612E5F8B700FC0568 /* Security.framework */; };
/* End PBXBuildFile section */

/* Begin PBXFileReference section */
		1D30AB110D05D00D00671497 /* Foundation.framework */ = {isa = PBXFileReference; lastKnownFileType = wrapper.framework; name = Foundation.framework; path = System/Library/Frameworks/Foundation.framework; sourceTree = SDKROOT; };
		1D3623240D0F684500981E51 /* CNSApplicationDelegate.h */ = {isa = PBXFileReference; fileEncoding = 4; lastKnownFileType = sourcecode.c.h; path = CNSApplicationDelegate.h; sourceTree = "<group>"; };
		1D3623250D0F684500981E51 /* CNSApplicationDelegate.m */ = {isa = PBXFileReference; fileEncoding = 4; lastKnownFileType = sourcecode.c.objc; path = CNSApplicationDelegate.m; sourceTree = "<group>"; };
		1D6058910D05DD3D006BFB54 /* CNSKitTemplate.app */ = {isa = PBXFileReference; explicitFileType = wrapper.application; includeInIndex = 0; path = CNSKitTemplate.app; sourceTree = BUILT_PRODUCTS_DIR; };
		1DF5F4DF0D08C38300B7A737 /* UIKit.framework */ = {isa = PBXFileReference; lastKnownFileType = wrapper.framework; name = UIKit.framework; path = System/Library/Frameworks/UIKit.framework; sourceTree = SDKROOT; };
		288765A40DF7441C002DB57D /* CoreGraphics.framework */ = {isa = PBXFileReference; lastKnownFileType = wrapper.framework; name = CoreGraphics.framework; path = System/Library/Frameworks/CoreGraphics.framework; sourceTree = SDKROOT; };
		28AD733E0D9D9553002E5188 /* MainWindow.xib */ = {isa = PBXFileReference; lastKnownFileType = file.xib; path = MainWindow.xib; sourceTree = "<group>"; };
		28C3AD890F43EF2300507BA6 /* Base.xcdatamodel */ = {isa = PBXFileReference; fileEncoding = 4; lastKnownFileType = wrapper.xcdatamodel; path = Base.xcdatamodel; sourceTree = "<group>"; };
		28D801B30F44B63D00FB423F /* CoreData.framework */ = {isa = PBXFileReference; lastKnownFileType = wrapper.framework; name = CoreData.framework; path = System/Library/Frameworks/CoreData.framework; sourceTree = SDKROOT; };
		29B97316FDCFA39411CA2CEA /* main.m */ = {isa = PBXFileReference; fileEncoding = 4; lastKnownFileType = sourcecode.c.objc; path = main.m; sourceTree = "<group>"; };
		32CA4F630368D1EE00C91783 /* Prefix.pch */ = {isa = PBXFileReference; fileEncoding = 4; lastKnownFileType = sourcecode.c.h; path = Prefix.pch; sourceTree = "<group>"; };
		4D4C006912E3741E00F0AE8D /* Info.plist */ = {isa = PBXFileReference; fileEncoding = 4; lastKnownFileType = text.plist.xml; path = Info.plist; sourceTree = "<group>"; };
		4DD5EA551303FAA100BCC3E5 /* NSString+CNSStringAdditions.h */ = {isa = PBXFileReference; fileEncoding = 4; lastKnownFileType = sourcecode.c.h; path = "NSString+CNSStringAdditions.h"; sourceTree = "<group>"; };
		4DD5EA561303FAA100BCC3E5 /* NSString+CNSStringAdditions.m */ = {isa = PBXFileReference; fileEncoding = 4; lastKnownFileType = sourcecode.c.objc; path = "NSString+CNSStringAdditions.m"; sourceTree = "<group>"; };
		4DD5EA581303FAA100BCC3E5 /* CNSBaseViewController.h */ = {isa = PBXFileReference; fileEncoding = 4; lastKnownFileType = sourcecode.c.h; path = CNSBaseViewController.h; sourceTree = "<group>"; };
		4DD5EA591303FAA100BCC3E5 /* CNSBaseViewController.m */ = {isa = PBXFileReference; fileEncoding = 4; lastKnownFileType = sourcecode.c.objc; path = CNSBaseViewController.m; sourceTree = "<group>"; };
		4DD5EA5B1303FAA100BCC3E5 /* CNSKeychainUtils.h */ = {isa = PBXFileReference; fileEncoding = 4; lastKnownFileType = sourcecode.c.h; path = CNSKeychainUtils.h; sourceTree = "<group>"; };
		4DD5EA5C1303FAA100BCC3E5 /* CNSKeychainUtils.m */ = {isa = PBXFileReference; fileEncoding = 4; lastKnownFileType = sourcecode.c.objc; path = CNSKeychainUtils.m; sourceTree = "<group>"; };
		4DD5EA5D1303FAA100BCC3E5 /* CNSPasswordStore.h */ = {isa = PBXFileReference; fileEncoding = 4; lastKnownFileType = sourcecode.c.h; path = CNSPasswordStore.h; sourceTree = "<group>"; };
		4DD5EA5E1303FAA100BCC3E5 /* CNSPasswordStore.m */ = {isa = PBXFileReference; fileEncoding = 4; lastKnownFileType = sourcecode.c.objc; path = CNSPasswordStore.m; sourceTree = "<group>"; };
		4DD5EA5F1303FAA100BCC3E5 /* CNSTableViewDataSource.h */ = {isa = PBXFileReference; fileEncoding = 4; lastKnownFileType = sourcecode.c.h; path = CNSTableViewDataSource.h; sourceTree = "<group>"; };
		4DD5EA601303FAA100BCC3E5 /* CNSTableViewDataSource.m */ = {isa = PBXFileReference; fileEncoding = 4; lastKnownFileType = sourcecode.c.objc; path = CNSTableViewDataSource.m; sourceTree = "<group>"; };
		4DD5EA611303FAA100BCC3E5 /* CNSUser.h */ = {isa = PBXFileReference; fileEncoding = 4; lastKnownFileType = sourcecode.c.h; path = CNSUser.h; sourceTree = "<group>"; };
		4DD5EA621303FAA100BCC3E5 /* CNSUser.m */ = {isa = PBXFileReference; fileEncoding = 4; lastKnownFileType = sourcecode.c.objc; path = CNSUser.m; sourceTree = "<group>"; };
		4DD5EA671303FAA100BCC3E5 /* CNSInputCell.h */ = {isa = PBXFileReference; fileEncoding = 4; lastKnownFileType = sourcecode.c.h; path = CNSInputCell.h; sourceTree = "<group>"; };
		4DD5EA681303FAA100BCC3E5 /* CNSInputCell.m */ = {isa = PBXFileReference; fileEncoding = 4; lastKnownFileType = sourcecode.c.objc; path = CNSInputCell.m; sourceTree = "<group>"; };
		4DD5EA6C1303FAA100BCC3E5 /* CNSInputCell.xib */ = {isa = PBXFileReference; lastKnownFileType = file.xib; path = CNSInputCell.xib; sourceTree = "<group>"; };
		4DECB42E1309AE080065C9B3 /* CNSClassUtils.h */ = {isa = PBXFileReference; fileEncoding = 4; lastKnownFileType = sourcecode.c.h; path = CNSClassUtils.h; sourceTree = "<group>"; };
		4DECB42F1309AE080065C9B3 /* CNSClassUtils.m */ = {isa = PBXFileReference; fileEncoding = 4; lastKnownFileType = sourcecode.c.objc; path = CNSClassUtils.m; sourceTree = "<group>"; };
		4DECB4301309AE080065C9B3 /* CNSLogHelper.h */ = {isa = PBXFileReference; fileEncoding = 4; lastKnownFileType = sourcecode.c.h; path = CNSLogHelper.h; sourceTree = "<group>"; };
		4DECB4311309AE080065C9B3 /* CNSLogHelper.m */ = {isa = PBXFileReference; fileEncoding = 4; lastKnownFileType = sourcecode.c.objc; path = CNSLogHelper.m; sourceTree = "<group>"; };
		6CABF90612E5F27B00FC0568 /* German */ = {isa = PBXFileReference; fileEncoding = 4; lastKnownFileType = text.plist.strings; name = German; path = Localizable.strings; sourceTree = "<group>"; };
		6CABF95612E5F8B700FC0568 /* Security.framework */ = {isa = PBXFileReference; lastKnownFileType = wrapper.framework; name = Security.framework; path = System/Library/Frameworks/Security.framework; sourceTree = SDKROOT; };
/* End PBXFileReference section */

/* Begin PBXFrameworksBuildPhase section */
		1D60588F0D05DD3D006BFB54 /* Frameworks */ = {
			isa = PBXFrameworksBuildPhase;
			buildActionMask = 2147483647;
			files = (
				1D60589F0D05DD5A006BFB54 /* Foundation.framework in Frameworks */,
				1DF5F4E00D08C38300B7A737 /* UIKit.framework in Frameworks */,
				288765A50DF7441C002DB57D /* CoreGraphics.framework in Frameworks */,
				28D801B40F44B63D00FB423F /* CoreData.framework in Frameworks */,
				6CABF95712E5F8B700FC0568 /* Security.framework in Frameworks */,
			);
			runOnlyForDeploymentPostprocessing = 0;
		};
/* End PBXFrameworksBuildPhase section */

/* Begin PBXGroup section */
		080E96DDFE201D6D7F000001 /* Classes */ = {
			isa = PBXGroup;
			children = (
				6CABF8ED12E5F16C00FC0568 /* Controllers */,
				6CABF8F712E5F19C00FC0568 /* Helpers */,
				6CABF92E12E5F3A900FC0568 /* Models */,
				6CABF92F12E5F3AE00FC0568 /* Views */,
			);
			path = Classes;
			sourceTree = "<group>";
		};
		19C28FACFE9D520D11CA2CBB /* Products */ = {
			isa = PBXGroup;
			children = (
				1D6058910D05DD3D006BFB54 /* CNSKitTemplate.app */,
			);
			name = Products;
			sourceTree = "<group>";
		};
		29B97314FDCFA39411CA2CEA /* CustomTemplate */ = {
			isa = PBXGroup;
			children = (
				080E96DDFE201D6D7F000001 /* Classes */,
				29B97315FDCFA39411CA2CEA /* Other Sources */,
				29B97317FDCFA39411CA2CEA /* Resources */,
				29B97323FDCFA39411CA2CEA /* Frameworks */,
				19C28FACFE9D520D11CA2CBB /* Products */,
				6CABF90912E5F2A400FC0568 /* Vendor */,
			);
			name = CustomTemplate;
			sourceTree = "<group>";
		};
		29B97315FDCFA39411CA2CEA /* Other Sources */ = {
			isa = PBXGroup;
			children = (
				32CA4F630368D1EE00C91783 /* Prefix.pch */,
				29B97316FDCFA39411CA2CEA /* main.m */,
			);
			name = "Other Sources";
			sourceTree = "<group>";
		};
		29B97317FDCFA39411CA2CEA /* Resources */ = {
			isa = PBXGroup;
			children = (
				6CABF8F812E5F1C000FC0568 /* Data Model */,
				6CABF8F912E5F1D600FC0568 /* Images */,
				6CABF8FA12E5F1DC00FC0568 /* Interface */,
				6CABF90112E5F20700FC0568 /* Misc */,
			);
			path = Resources;
			sourceTree = "<group>";
		};
		29B97323FDCFA39411CA2CEA /* Frameworks */ = {
			isa = PBXGroup;
			children = (
				1DF5F4DF0D08C38300B7A737 /* UIKit.framework */,
				1D30AB110D05D00D00671497 /* Foundation.framework */,
				288765A40DF7441C002DB57D /* CoreGraphics.framework */,
				28D801B30F44B63D00FB423F /* CoreData.framework */,
				6CABF95612E5F8B700FC0568 /* Security.framework */,
			);
			name = Frameworks;
			sourceTree = "<group>";
		};
		4DD5EA2D1303FAA100BCC3E5 /* CNSKit */ = {
			isa = PBXGroup;
			children = (
				4DD5EA531303FAA100BCC3E5 /* Classes */,
				4DD5EA6A1303FAA100BCC3E5 /* Resources */,
			);
			path = CNSKit;
			sourceTree = "<group>";
		};
		4DD5EA531303FAA100BCC3E5 /* Classes */ = {
			isa = PBXGroup;
			children = (
				4DD5EA541303FAA100BCC3E5 /* Categories */,
				4DD5EA571303FAA100BCC3E5 /* Controllers */,
				4DD5EA5A1303FAA100BCC3E5 /* Data */,
				4DECB42D1309AE080065C9B3 /* Helpers */,
				4DD5EA661303FAA100BCC3E5 /* Views */,
			);
			path = Classes;
			sourceTree = "<group>";
		};
		4DD5EA541303FAA100BCC3E5 /* Categories */ = {
			isa = PBXGroup;
			children = (
				4DD5EA551303FAA100BCC3E5 /* NSString+CNSStringAdditions.h */,
				4DD5EA561303FAA100BCC3E5 /* NSString+CNSStringAdditions.m */,
			);
			path = Categories;
			sourceTree = "<group>";
		};
		4DD5EA571303FAA100BCC3E5 /* Controllers */ = {
			isa = PBXGroup;
			children = (
				4DD5EA581303FAA100BCC3E5 /* CNSBaseViewController.h */,
				4DD5EA591303FAA100BCC3E5 /* CNSBaseViewController.m */,
			);
			path = Controllers;
			sourceTree = "<group>";
		};
		4DD5EA5A1303FAA100BCC3E5 /* Data */ = {
			isa = PBXGroup;
			children = (
				4DD5EA5B1303FAA100BCC3E5 /* CNSKeychainUtils.h */,
				4DD5EA5C1303FAA100BCC3E5 /* CNSKeychainUtils.m */,
				4DD5EA5D1303FAA100BCC3E5 /* CNSPasswordStore.h */,
				4DD5EA5E1303FAA100BCC3E5 /* CNSPasswordStore.m */,
				4DD5EA5F1303FAA100BCC3E5 /* CNSTableViewDataSource.h */,
				4DD5EA601303FAA100BCC3E5 /* CNSTableViewDataSource.m */,
				4DD5EA611303FAA100BCC3E5 /* CNSUser.h */,
				4DD5EA621303FAA100BCC3E5 /* CNSUser.m */,
			);
			path = Data;
			sourceTree = "<group>";
		};
		4DD5EA661303FAA100BCC3E5 /* Views */ = {
			isa = PBXGroup;
			children = (
				4DD5EA671303FAA100BCC3E5 /* CNSInputCell.h */,
				4DD5EA681303FAA100BCC3E5 /* CNSInputCell.m */,
			);
			path = Views;
			sourceTree = "<group>";
		};
		4DD5EA6A1303FAA100BCC3E5 /* Resources */ = {
			isa = PBXGroup;
			children = (
				4DD5EA6B1303FAA100BCC3E5 /* Interfaces */,
			);
			path = Resources;
			sourceTree = "<group>";
		};
		4DD5EA6B1303FAA100BCC3E5 /* Interfaces */ = {
			isa = PBXGroup;
			children = (
				4DD5EA6C1303FAA100BCC3E5 /* CNSInputCell.xib */,
			);
			path = Interfaces;
			sourceTree = "<group>";
		};
		4DECB42D1309AE080065C9B3 /* Helpers */ = {
			isa = PBXGroup;
			children = (
				4DECB42E1309AE080065C9B3 /* CNSClassUtils.h */,
				4DECB42F1309AE080065C9B3 /* CNSClassUtils.m */,
				4DECB4301309AE080065C9B3 /* CNSLogHelper.h */,
				4DECB4311309AE080065C9B3 /* CNSLogHelper.m */,
			);
			path = Helpers;
			sourceTree = "<group>";
		};
		6CABF8ED12E5F16C00FC0568 /* Controllers */ = {
			isa = PBXGroup;
			children = (
				6CABF8EE12E5F17200FC0568 /* Base */,
			);
			name = Controllers;
			sourceTree = "<group>";
		};
		6CABF8EE12E5F17200FC0568 /* Base */ = {
			isa = PBXGroup;
			children = (
				1D3623240D0F684500981E51 /* CNSApplicationDelegate.h */,
				1D3623250D0F684500981E51 /* CNSApplicationDelegate.m */,
			);
			name = Base;
			sourceTree = "<group>";
		};
		6CABF8F712E5F19C00FC0568 /* Helpers */ = {
			isa = PBXGroup;
			children = (
			);
			name = Helpers;
			sourceTree = "<group>";
		};
		6CABF8F812E5F1C000FC0568 /* Data Model */ = {
			isa = PBXGroup;
			children = (
				2819305F112F816700ECF9B4 /* Base.xcdatamodeld */,
			);
			name = "Data Model";
			sourceTree = "<group>";
		};
		6CABF8F912E5F1D600FC0568 /* Images */ = {
			isa = PBXGroup;
			children = (
			);
			name = Images;
			sourceTree = "<group>";
		};
		6CABF8FA12E5F1DC00FC0568 /* Interface */ = {
			isa = PBXGroup;
			children = (
				28AD733E0D9D9553002E5188 /* MainWindow.xib */,
			);
			name = Interface;
			sourceTree = "<group>";
		};
		6CABF90112E5F20700FC0568 /* Misc */ = {
			isa = PBXGroup;
			children = (
				4D4C006912E3741E00F0AE8D /* Info.plist */,
				6CABF90512E5F27B00FC0568 /* Localizable.strings */,
			);
			name = Misc;
			sourceTree = "<group>";
		};
		6CABF90912E5F2A400FC0568 /* Vendor */ = {
			isa = PBXGroup;
			children = (
				4DD5EA2D1303FAA100BCC3E5 /* CNSKit */,
			);
			path = Vendor;
			sourceTree = "<group>";
		};
		6CABF92E12E5F3A900FC0568 /* Models */ = {
			isa = PBXGroup;
			children = (
			);
			name = Models;
			sourceTree = "<group>";
		};
		6CABF92F12E5F3AE00FC0568 /* Views */ = {
			isa = PBXGroup;
			children = (
			);
			name = Views;
			sourceTree = "<group>";
		};
/* End PBXGroup section */

/* Begin PBXNativeTarget section */
		1D6058900D05DD3D006BFB54 /* CNSKitTemplate */ = {
			isa = PBXNativeTarget;
			buildConfigurationList = 1D6058960D05DD3E006BFB54 /* Build configuration list for PBXNativeTarget "CNSKitTemplate" */;
			buildPhases = (
				1D60588D0D05DD3D006BFB54 /* Resources */,
				1D60588E0D05DD3D006BFB54 /* Sources */,
				1D60588F0D05DD3D006BFB54 /* Frameworks */,
			);
			buildRules = (
			);
			dependencies = (
			);
			name = CNSKitTemplate;
			productName = Maengelreport;
			productReference = 1D6058910D05DD3D006BFB54 /* CNSKitTemplate.app */;
			productType = "com.apple.product-type.application";
		};
/* End PBXNativeTarget section */

/* Begin PBXProject section */
		29B97313FDCFA39411CA2CEA /* Project object */ = {
			isa = PBXProject;
			buildConfigurationList = C01FCF4E08A954540054247B /* Build configuration list for PBXProject "CNSKitTemplate" */;
			compatibilityVersion = "Xcode 3.2";
			developmentRegion = English;
			hasScannedForEncodings = 1;
			knownRegions = (
				English,
				Japanese,
				French,
				German,
			);
			mainGroup = 29B97314FDCFA39411CA2CEA /* CustomTemplate */;
			projectDirPath = "";
			projectRoot = "";
			targets = (
				1D6058900D05DD3D006BFB54 /* CNSKitTemplate */,
			);
		};
/* End PBXProject section */

/* Begin PBXResourcesBuildPhase section */
		1D60588D0D05DD3D006BFB54 /* Resources */ = {
			isa = PBXResourcesBuildPhase;
			buildActionMask = 2147483647;
			files = (
				28AD733F0D9D9553002E5188 /* MainWindow.xib in Resources */,
				6CABF90712E5F27B00FC0568 /* Localizable.strings in Resources */,
				4DD5EA8D1303FAA100BCC3E5 /* CNSInputCell.xib in Resources */,
			);
			runOnlyForDeploymentPostprocessing = 0;
		};
/* End PBXResourcesBuildPhase section */

/* Begin PBXSourcesBuildPhase section */
		1D60588E0D05DD3D006BFB54 /* Sources */ = {
			isa = PBXSourcesBuildPhase;
			buildActionMask = 2147483647;
			files = (
				1D60589B0D05DD56006BFB54 /* main.m in Sources */,
				1D3623260D0F684500981E51 /* CNSApplicationDelegate.m in Sources */,
				28193060112F816700ECF9B4 /* Base.xcdatamodeld in Sources */,
				4DD5EA841303FAA100BCC3E5 /* NSString+CNSStringAdditions.m in Sources */,
				4DD5EA851303FAA100BCC3E5 /* CNSBaseViewController.m in Sources */,
				4DD5EA861303FAA100BCC3E5 /* CNSKeychainUtils.m in Sources */,
				4DD5EA871303FAA100BCC3E5 /* CNSPasswordStore.m in Sources */,
				4DD5EA881303FAA100BCC3E5 /* CNSTableViewDataSource.m in Sources */,
				4DD5EA891303FAA100BCC3E5 /* CNSUser.m in Sources */,
				4DD5EA8B1303FAA100BCC3E5 /* CNSInputCell.m in Sources */,
				4DECB4321309AE080065C9B3 /* CNSClassUtils.m in Sources */,
				4DECB4331309AE080065C9B3 /* CNSLogHelper.m in Sources */,
			);
			runOnlyForDeploymentPostprocessing = 0;
		};
/* End PBXSourcesBuildPhase section */

/* Begin PBXVariantGroup section */
		6CABF90512E5F27B00FC0568 /* Localizable.strings */ = {
			isa = PBXVariantGroup;
			children = (
				6CABF90612E5F27B00FC0568 /* German */,
			);
			name = Localizable.strings;
			path = German.lproj;
			sourceTree = "<group>";
		};
/* End PBXVariantGroup section */

/* Begin XCBuildConfiguration section */
		1D6058940D05DD3E006BFB54 /* Debug */ = {
			isa = XCBuildConfiguration;
			buildSettings = {
				ALWAYS_SEARCH_USER_PATHS = NO;
				COPY_PHASE_STRIP = NO;
				GCC_DYNAMIC_NO_PIC = NO;
				GCC_OPTIMIZATION_LEVEL = 0;
				GCC_PRECOMPILE_PREFIX_HEADER = YES;
				GCC_PREFIX_HEADER = Prefix.pch;
				INFOPLIST_FILE = Resources/Info.plist;
				PRODUCT_NAME = CNSKitTemplate;
			};
			name = Debug;
		};
		1D6058950D05DD3E006BFB54 /* AdHoc */ = {
			isa = XCBuildConfiguration;
			buildSettings = {
				ALWAYS_SEARCH_USER_PATHS = NO;
				COPY_PHASE_STRIP = YES;
				GCC_PRECOMPILE_PREFIX_HEADER = YES;
				GCC_PREFIX_HEADER = Prefix.pch;
				INFOPLIST_FILE = Resources/Info.plist;
				PRODUCT_NAME = CNSKitTemplate;
				VALIDATE_PRODUCT = YES;
			};
			name = AdHoc;
		};
		C01FCF4F08A954540054247B /* Debug */ = {
			isa = XCBuildConfiguration;
			buildSettings = {
				ARCHS = "$(ARCHS_STANDARD_32_BIT)";
				"CODE_SIGN_IDENTITY[sdk=iphoneos*]" = "iPhone Developer";
				GCC_C_LANGUAGE_STANDARD = c99;
				GCC_VERSION = com.apple.compilers.llvm.clang.1_0;
				GCC_WARN_ABOUT_RETURN_TYPE = YES;
				GCC_WARN_UNUSED_VARIABLE = YES;
				IPHONEOS_DEPLOYMENT_TARGET = 4.0;
				OTHER_CFLAGS = (
					"-DDEBUG",
					"-Xclang",
					"-fobjc-nonfragile-abi2",
				);
				PREBINDING = NO;
				RUN_CLANG_STATIC_ANALYZER = YES;
				SDKROOT = iphoneos;
			};
			name = Debug;
		};
		C01FCF5008A954540054247B /* AdHoc */ = {
			isa = XCBuildConfiguration;
			buildSettings = {
				ARCHS = "$(ARCHS_STANDARD_32_BIT)";
				"CODE_SIGN_IDENTITY[sdk=iphoneos*]" = "iPhone Developer";
				GCC_C_LANGUAGE_STANDARD = c99;
				GCC_VERSION = com.apple.compilers.llvm.clang.1_0;
				GCC_WARN_ABOUT_RETURN_TYPE = YES;
				GCC_WARN_UNUSED_VARIABLE = YES;
				IPHONEOS_DEPLOYMENT_TARGET = 4.0;
				OTHER_CFLAGS = (
					"-DADHOC",
					"-Xclang",
					"-fobjc-nonfragile-abi2",
					"-DNS_BLOCK_ASSERTIONS=1",
				);
				PREBINDING = NO;
				RUN_CLANG_STATIC_ANALYZER = YES;
				SDKROOT = iphoneos;
			};
			name = AdHoc;
		};
/* End XCBuildConfiguration section */

/* Begin XCConfigurationList section */
		1D6058960D05DD3E006BFB54 /* Build configuration list for PBXNativeTarget "CNSKitTemplate" */ = {
			isa = XCConfigurationList;
			buildConfigurations = (
				1D6058940D05DD3E006BFB54 /* Debug */,
				1D6058950D05DD3E006BFB54 /* AdHoc */,
			);
			defaultConfigurationIsVisible = 0;
			defaultConfigurationName = AdHoc;
		};
		C01FCF4E08A954540054247B /* Build configuration list for PBXProject "CNSKitTemplate" */ = {
			isa = XCConfigurationList;
			buildConfigurations = (
				C01FCF4F08A954540054247B /* Debug */,
				C01FCF5008A954540054247B /* AdHoc */,
			);
			defaultConfigurationIsVisible = 0;
			defaultConfigurationName = AdHoc;
		};
/* End XCConfigurationList section */

/* Begin XCVersionGroup section */
		2819305F112F816700ECF9B4 /* Base.xcdatamodeld */ = {
			isa = XCVersionGroup;
			children = (
				28C3AD890F43EF2300507BA6 /* Base.xcdatamodel */,
			);
			currentVersion = 28C3AD890F43EF2300507BA6 /* Base.xcdatamodel */;
			path = Base.xcdatamodeld;
			sourceTree = "<group>";
			versionGroupType = wrapper.xcdatamodel;
		};
/* End XCVersionGroup section */
	};
	rootObject = 29B97313FDCFA39411CA2CEA /* Project object */;
}
